// !$*UTF8*$!
{
	archiveVersion = 1;
	classes = {
	};
	objectVersion = 55;
	objects = {

/* Begin PBXBuildFile section */
		52584E312779A46900FA632E /* AppDelegate.swift in Sources */ = {isa = PBXBuildFile; fileRef = 52584E302779A46900FA632E /* AppDelegate.swift */; };
		52584E332779A46900FA632E /* SceneDelegate.swift in Sources */ = {isa = PBXBuildFile; fileRef = 52584E322779A46900FA632E /* SceneDelegate.swift */; };
		52584E352779A46900FA632E /* ViewController.swift in Sources */ = {isa = PBXBuildFile; fileRef = 52584E342779A46900FA632E /* ViewController.swift */; };
		52584E382779A46900FA632E /* Main.storyboard in Resources */ = {isa = PBXBuildFile; fileRef = 52584E362779A46900FA632E /* Main.storyboard */; };
		52584E3A2779A46B00FA632E /* Assets.xcassets in Resources */ = {isa = PBXBuildFile; fileRef = 52584E392779A46B00FA632E /* Assets.xcassets */; };
		52584E3D2779A46B00FA632E /* LaunchScreen.storyboard in Resources */ = {isa = PBXBuildFile; fileRef = 52584E3B2779A46B00FA632E /* LaunchScreen.storyboard */; };
		52584E482779A46B00FA632E /* mqtt_testTests.swift in Sources */ = {isa = PBXBuildFile; fileRef = 52584E472779A46B00FA632E /* mqtt_testTests.swift */; };
		52584E522779A46B00FA632E /* mqtt_testUITests.swift in Sources */ = {isa = PBXBuildFile; fileRef = 52584E512779A46B00FA632E /* mqtt_testUITests.swift */; };
		52584E542779A46B00FA632E /* mqtt_testUITestsLaunchTests.swift in Sources */ = {isa = PBXBuildFile; fileRef = 52584E532779A46B00FA632E /* mqtt_testUITestsLaunchTests.swift */; };
		52584E62277AF7DC00FA632E /* MQTT.swift in Sources */ = {isa = PBXBuildFile; fileRef = 52584E61277AF7DC00FA632E /* MQTT.swift */; };
		52584E66277AF82F00FA632E /* Adapter.swift in Sources */ = {isa = PBXBuildFile; fileRef = 52584E65277AF82F00FA632E /* Adapter.swift */; };
		52584E68277AF84300FA632E /* AdapterInterface.swift in Sources */ = {isa = PBXBuildFile; fileRef = 52584E67277AF84300FA632E /* AdapterInterface.swift */; };
		52584E6A277AFA6700FA632E /* CocoaMQTTClient.swift in Sources */ = {isa = PBXBuildFile; fileRef = 52584E69277AFA6700FA632E /* CocoaMQTTClient.swift */; };
		52584E6D277B084700FA632E /* ConnectDelegate.swift in Sources */ = {isa = PBXBuildFile; fileRef = 52584E6C277B084700FA632E /* ConnectDelegate.swift */; };
		52584E6F277B085C00FA632E /* DisconnectDelegate.swift in Sources */ = {isa = PBXBuildFile; fileRef = 52584E6E277B085C00FA632E /* DisconnectDelegate.swift */; };
		52584E71277B087600FA632E /* PublishDelegate.swift in Sources */ = {isa = PBXBuildFile; fileRef = 52584E70277B087600FA632E /* PublishDelegate.swift */; };
		52584E73277B088B00FA632E /* SubscibeDelegate.swift in Sources */ = {isa = PBXBuildFile; fileRef = 52584E72277B088B00FA632E /* SubscibeDelegate.swift */; };
		52584E75277B1CF600FA632E /* Client.swift in Sources */ = {isa = PBXBuildFile; fileRef = 52584E74277B1CF600FA632E /* Client.swift */; };
		52584E77277B26CA00FA632E /* SwiftyMQTTClient.swift in Sources */ = {isa = PBXBuildFile; fileRef = 52584E76277B26CA00FA632E /* SwiftyMQTTClient.swift */; };
		677A9BAE0425B750C4675119 /* Pods_mqtt_test_mqtt_testUITests.framework in Frameworks */ = {isa = PBXBuildFile; fileRef = 812F48964A91CC9E0AF7FF1B /* Pods_mqtt_test_mqtt_testUITests.framework */; };
		A73E0AD44A4E2E17CB21AC63 /* Pods_mqtt_testTests.framework in Frameworks */ = {isa = PBXBuildFile; fileRef = E5E9A2609E15C7AA66AAA897 /* Pods_mqtt_testTests.framework */; };
		CC17E9F8B7B1B121C14DF0D7 /* Pods_mqtt_test.framework in Frameworks */ = {isa = PBXBuildFile; fileRef = C7D53DAE7ED96D9D7CEC51F3 /* Pods_mqtt_test.framework */; };
/* End PBXBuildFile section */

/* Begin PBXContainerItemProxy section */
		52584E442779A46B00FA632E /* PBXContainerItemProxy */ = {
			isa = PBXContainerItemProxy;
			containerPortal = 52584E252779A46900FA632E /* Project object */;
			proxyType = 1;
			remoteGlobalIDString = 52584E2C2779A46900FA632E;
			remoteInfo = "mqtt test";
		};
		52584E4E2779A46B00FA632E /* PBXContainerItemProxy */ = {
			isa = PBXContainerItemProxy;
			containerPortal = 52584E252779A46900FA632E /* Project object */;
			proxyType = 1;
			remoteGlobalIDString = 52584E2C2779A46900FA632E;
			remoteInfo = "mqtt test";
		};
/* End PBXContainerItemProxy section */

/* Begin PBXFileReference section */
		3C717BEE751203C40FA1D253 /* Pods-mqtt test-mqtt testUITests.release.xcconfig */ = {isa = PBXFileReference; includeInIndex = 1; lastKnownFileType = text.xcconfig; name = "Pods-mqtt test-mqtt testUITests.release.xcconfig"; path = "Target Support Files/Pods-mqtt test-mqtt testUITests/Pods-mqtt test-mqtt testUITests.release.xcconfig"; sourceTree = "<group>"; };
		52584E2D2779A46900FA632E /* mqtt test.app */ = {isa = PBXFileReference; explicitFileType = wrapper.application; includeInIndex = 0; path = "mqtt test.app"; sourceTree = BUILT_PRODUCTS_DIR; };
		52584E302779A46900FA632E /* AppDelegate.swift */ = {isa = PBXFileReference; lastKnownFileType = sourcecode.swift; path = AppDelegate.swift; sourceTree = "<group>"; };
		52584E322779A46900FA632E /* SceneDelegate.swift */ = {isa = PBXFileReference; lastKnownFileType = sourcecode.swift; path = SceneDelegate.swift; sourceTree = "<group>"; };
		52584E342779A46900FA632E /* ViewController.swift */ = {isa = PBXFileReference; lastKnownFileType = sourcecode.swift; path = ViewController.swift; sourceTree = "<group>"; };
		52584E372779A46900FA632E /* Base */ = {isa = PBXFileReference; lastKnownFileType = file.storyboard; name = Base; path = Base.lproj/Main.storyboard; sourceTree = "<group>"; };
		52584E392779A46B00FA632E /* Assets.xcassets */ = {isa = PBXFileReference; lastKnownFileType = folder.assetcatalog; path = Assets.xcassets; sourceTree = "<group>"; };
		52584E3C2779A46B00FA632E /* Base */ = {isa = PBXFileReference; lastKnownFileType = file.storyboard; name = Base; path = Base.lproj/LaunchScreen.storyboard; sourceTree = "<group>"; };
		52584E3E2779A46B00FA632E /* Info.plist */ = {isa = PBXFileReference; lastKnownFileType = text.plist.xml; path = Info.plist; sourceTree = "<group>"; };
		52584E432779A46B00FA632E /* mqtt testTests.xctest */ = {isa = PBXFileReference; explicitFileType = wrapper.cfbundle; includeInIndex = 0; path = "mqtt testTests.xctest"; sourceTree = BUILT_PRODUCTS_DIR; };
		52584E472779A46B00FA632E /* mqtt_testTests.swift */ = {isa = PBXFileReference; lastKnownFileType = sourcecode.swift; path = mqtt_testTests.swift; sourceTree = "<group>"; };
		52584E4D2779A46B00FA632E /* mqtt testUITests.xctest */ = {isa = PBXFileReference; explicitFileType = wrapper.cfbundle; includeInIndex = 0; path = "mqtt testUITests.xctest"; sourceTree = BUILT_PRODUCTS_DIR; };
		52584E512779A46B00FA632E /* mqtt_testUITests.swift */ = {isa = PBXFileReference; lastKnownFileType = sourcecode.swift; path = mqtt_testUITests.swift; sourceTree = "<group>"; };
		52584E532779A46B00FA632E /* mqtt_testUITestsLaunchTests.swift */ = {isa = PBXFileReference; lastKnownFileType = sourcecode.swift; path = mqtt_testUITestsLaunchTests.swift; sourceTree = "<group>"; };
		52584E61277AF7DC00FA632E /* MQTT.swift */ = {isa = PBXFileReference; lastKnownFileType = sourcecode.swift; path = MQTT.swift; sourceTree = "<group>"; };
		52584E65277AF82F00FA632E /* Adapter.swift */ = {isa = PBXFileReference; lastKnownFileType = sourcecode.swift; path = Adapter.swift; sourceTree = "<group>"; };
		52584E67277AF84300FA632E /* AdapterInterface.swift */ = {isa = PBXFileReference; lastKnownFileType = sourcecode.swift; path = AdapterInterface.swift; sourceTree = "<group>"; };
		52584E69277AFA6700FA632E /* CocoaMQTTClient.swift */ = {isa = PBXFileReference; lastKnownFileType = sourcecode.swift; path = CocoaMQTTClient.swift; sourceTree = "<group>"; };
		52584E6C277B084700FA632E /* ConnectDelegate.swift */ = {isa = PBXFileReference; lastKnownFileType = sourcecode.swift; path = ConnectDelegate.swift; sourceTree = "<group>"; };
		52584E6E277B085C00FA632E /* DisconnectDelegate.swift */ = {isa = PBXFileReference; lastKnownFileType = sourcecode.swift; path = DisconnectDelegate.swift; sourceTree = "<group>"; };
		52584E70277B087600FA632E /* PublishDelegate.swift */ = {isa = PBXFileReference; lastKnownFileType = sourcecode.swift; path = PublishDelegate.swift; sourceTree = "<group>"; };
		52584E72277B088B00FA632E /* SubscibeDelegate.swift */ = {isa = PBXFileReference; lastKnownFileType = sourcecode.swift; path = SubscibeDelegate.swift; sourceTree = "<group>"; };
		52584E74277B1CF600FA632E /* Client.swift */ = {isa = PBXFileReference; lastKnownFileType = sourcecode.swift; path = Client.swift; sourceTree = "<group>"; };
		52584E76277B26CA00FA632E /* SwiftyMQTTClient.swift */ = {isa = PBXFileReference; lastKnownFileType = sourcecode.swift; path = SwiftyMQTTClient.swift; sourceTree = "<group>"; };
		812F48964A91CC9E0AF7FF1B /* Pods_mqtt_test_mqtt_testUITests.framework */ = {isa = PBXFileReference; explicitFileType = wrapper.framework; includeInIndex = 0; path = Pods_mqtt_test_mqtt_testUITests.framework; sourceTree = BUILT_PRODUCTS_DIR; };
		81797525061F127ED8525B27 /* Pods-mqtt test.release.xcconfig */ = {isa = PBXFileReference; includeInIndex = 1; lastKnownFileType = text.xcconfig; name = "Pods-mqtt test.release.xcconfig"; path = "Target Support Files/Pods-mqtt test/Pods-mqtt test.release.xcconfig"; sourceTree = "<group>"; };
		A665ADACA9EF11472A1EE7E0 /* Pods-mqtt test-mqtt testUITests.debug.xcconfig */ = {isa = PBXFileReference; includeInIndex = 1; lastKnownFileType = text.xcconfig; name = "Pods-mqtt test-mqtt testUITests.debug.xcconfig"; path = "Target Support Files/Pods-mqtt test-mqtt testUITests/Pods-mqtt test-mqtt testUITests.debug.xcconfig"; sourceTree = "<group>"; };
		A7AB082B7224B236F617E138 /* Pods-mqtt testTests.release.xcconfig */ = {isa = PBXFileReference; includeInIndex = 1; lastKnownFileType = text.xcconfig; name = "Pods-mqtt testTests.release.xcconfig"; path = "Target Support Files/Pods-mqtt testTests/Pods-mqtt testTests.release.xcconfig"; sourceTree = "<group>"; };
		C188A2D1BBF0148D9DCA8137 /* Pods-mqtt test.debug.xcconfig */ = {isa = PBXFileReference; includeInIndex = 1; lastKnownFileType = text.xcconfig; name = "Pods-mqtt test.debug.xcconfig"; path = "Target Support Files/Pods-mqtt test/Pods-mqtt test.debug.xcconfig"; sourceTree = "<group>"; };
		C7D53DAE7ED96D9D7CEC51F3 /* Pods_mqtt_test.framework */ = {isa = PBXFileReference; explicitFileType = wrapper.framework; includeInIndex = 0; path = Pods_mqtt_test.framework; sourceTree = BUILT_PRODUCTS_DIR; };
		D29DA58F5619A50310A8F0EE /* Pods-mqtt testTests.debug.xcconfig */ = {isa = PBXFileReference; includeInIndex = 1; lastKnownFileType = text.xcconfig; name = "Pods-mqtt testTests.debug.xcconfig"; path = "Target Support Files/Pods-mqtt testTests/Pods-mqtt testTests.debug.xcconfig"; sourceTree = "<group>"; };
		E5E9A2609E15C7AA66AAA897 /* Pods_mqtt_testTests.framework */ = {isa = PBXFileReference; explicitFileType = wrapper.framework; includeInIndex = 0; path = Pods_mqtt_testTests.framework; sourceTree = BUILT_PRODUCTS_DIR; };
/* End PBXFileReference section */

/* Begin PBXFrameworksBuildPhase section */
		52584E2A2779A46900FA632E /* Frameworks */ = {
			isa = PBXFrameworksBuildPhase;
			buildActionMask = 2147483647;
			files = (
				CC17E9F8B7B1B121C14DF0D7 /* Pods_mqtt_test.framework in Frameworks */,
			);
			runOnlyForDeploymentPostprocessing = 0;
		};
		52584E402779A46B00FA632E /* Frameworks */ = {
			isa = PBXFrameworksBuildPhase;
			buildActionMask = 2147483647;
			files = (
				A73E0AD44A4E2E17CB21AC63 /* Pods_mqtt_testTests.framework in Frameworks */,
			);
			runOnlyForDeploymentPostprocessing = 0;
		};
		52584E4A2779A46B00FA632E /* Frameworks */ = {
			isa = PBXFrameworksBuildPhase;
			buildActionMask = 2147483647;
			files = (
				677A9BAE0425B750C4675119 /* Pods_mqtt_test_mqtt_testUITests.framework in Frameworks */,
			);
			runOnlyForDeploymentPostprocessing = 0;
		};
/* End PBXFrameworksBuildPhase section */

/* Begin PBXGroup section */
		52584E242779A46900FA632E = {
			isa = PBXGroup;
			children = (
				52584E2F2779A46900FA632E /* mqtt test */,
				52584E462779A46B00FA632E /* mqtt testTests */,
				52584E502779A46B00FA632E /* mqtt testUITests */,
				52584E2E2779A46900FA632E /* Products */,
				EBE4DA9125725D9E97302BD7 /* Pods */,
				C851E6C19CAE7DC4550701AD /* Frameworks */,
			);
			sourceTree = "<group>";
		};
		52584E2E2779A46900FA632E /* Products */ = {
			isa = PBXGroup;
			children = (
				52584E2D2779A46900FA632E /* mqtt test.app */,
				52584E432779A46B00FA632E /* mqtt testTests.xctest */,
				52584E4D2779A46B00FA632E /* mqtt testUITests.xctest */,
			);
			name = Products;
			sourceTree = "<group>";
		};
		52584E2F2779A46900FA632E /* mqtt test */ = {
			isa = PBXGroup;
			children = (
				52584E6B277B082C00FA632E /* callbacks */,
				52584E60277AF73100FA632E /* Core */,
				52584E302779A46900FA632E /* AppDelegate.swift */,
				52584E322779A46900FA632E /* SceneDelegate.swift */,
				52584E342779A46900FA632E /* ViewController.swift */,
				52584E362779A46900FA632E /* Main.storyboard */,
				52584E392779A46B00FA632E /* Assets.xcassets */,
				52584E3B2779A46B00FA632E /* LaunchScreen.storyboard */,
				52584E3E2779A46B00FA632E /* Info.plist */,
			);
			path = "mqtt test";
			sourceTree = "<group>";
		};
		52584E462779A46B00FA632E /* mqtt testTests */ = {
			isa = PBXGroup;
			children = (
				52584E472779A46B00FA632E /* mqtt_testTests.swift */,
			);
			path = "mqtt testTests";
			sourceTree = "<group>";
		};
		52584E502779A46B00FA632E /* mqtt testUITests */ = {
			isa = PBXGroup;
			children = (
				52584E512779A46B00FA632E /* mqtt_testUITests.swift */,
				52584E532779A46B00FA632E /* mqtt_testUITestsLaunchTests.swift */,
			);
			path = "mqtt testUITests";
			sourceTree = "<group>";
		};
		52584E60277AF73100FA632E /* Core */ = {
			isa = PBXGroup;
			children = (
				52584E61277AF7DC00FA632E /* MQTT.swift */,
				52584E65277AF82F00FA632E /* Adapter.swift */,
				52584E67277AF84300FA632E /* AdapterInterface.swift */,
				52584E69277AFA6700FA632E /* CocoaMQTTClient.swift */,
				52584E74277B1CF600FA632E /* Client.swift */,
				52584E76277B26CA00FA632E /* SwiftyMQTTClient.swift */,
			);
			path = Core;
			sourceTree = "<group>";
		};
		52584E6B277B082C00FA632E /* callbacks */ = {
			isa = PBXGroup;
			children = (
				52584E6C277B084700FA632E /* ConnectDelegate.swift */,
				52584E6E277B085C00FA632E /* DisconnectDelegate.swift */,
				52584E70277B087600FA632E /* PublishDelegate.swift */,
				52584E72277B088B00FA632E /* SubscibeDelegate.swift */,
			);
			path = callbacks;
			sourceTree = "<group>";
		};
		C851E6C19CAE7DC4550701AD /* Frameworks */ = {
			isa = PBXGroup;
			children = (
				C7D53DAE7ED96D9D7CEC51F3 /* Pods_mqtt_test.framework */,
				812F48964A91CC9E0AF7FF1B /* Pods_mqtt_test_mqtt_testUITests.framework */,
				E5E9A2609E15C7AA66AAA897 /* Pods_mqtt_testTests.framework */,
			);
			name = Frameworks;
			sourceTree = "<group>";
		};
		EBE4DA9125725D9E97302BD7 /* Pods */ = {
			isa = PBXGroup;
			children = (
				C188A2D1BBF0148D9DCA8137 /* Pods-mqtt test.debug.xcconfig */,
				81797525061F127ED8525B27 /* Pods-mqtt test.release.xcconfig */,
				A665ADACA9EF11472A1EE7E0 /* Pods-mqtt test-mqtt testUITests.debug.xcconfig */,
				3C717BEE751203C40FA1D253 /* Pods-mqtt test-mqtt testUITests.release.xcconfig */,
				D29DA58F5619A50310A8F0EE /* Pods-mqtt testTests.debug.xcconfig */,
				A7AB082B7224B236F617E138 /* Pods-mqtt testTests.release.xcconfig */,
			);
			path = Pods;
			sourceTree = "<group>";
		};
/* End PBXGroup section */

/* Begin PBXNativeTarget section */
		52584E2C2779A46900FA632E /* mqtt test */ = {
			isa = PBXNativeTarget;
			buildConfigurationList = 52584E572779A46B00FA632E /* Build configuration list for PBXNativeTarget "mqtt test" */;
			buildPhases = (
				FEA36C7CFA595FBA8BDACB66 /* [CP] Check Pods Manifest.lock */,
				52584E292779A46900FA632E /* Sources */,
				52584E2A2779A46900FA632E /* Frameworks */,
				52584E2B2779A46900FA632E /* Resources */,
				8F38D9F27AEF7393020DEB58 /* [CP] Embed Pods Frameworks */,
			);
			buildRules = (
			);
			dependencies = (
			);
			name = "mqtt test";
			productName = "mqtt test";
			productReference = 52584E2D2779A46900FA632E /* mqtt test.app */;
			productType = "com.apple.product-type.application";
		};
		52584E422779A46B00FA632E /* mqtt testTests */ = {
			isa = PBXNativeTarget;
			buildConfigurationList = 52584E5A2779A46B00FA632E /* Build configuration list for PBXNativeTarget "mqtt testTests" */;
			buildPhases = (
				ABE74B39F1F0106A9E77C147 /* [CP] Check Pods Manifest.lock */,
				52584E3F2779A46B00FA632E /* Sources */,
				52584E402779A46B00FA632E /* Frameworks */,
				52584E412779A46B00FA632E /* Resources */,
			);
			buildRules = (
			);
			dependencies = (
				52584E452779A46B00FA632E /* PBXTargetDependency */,
			);
			name = "mqtt testTests";
			productName = "mqtt testTests";
			productReference = 52584E432779A46B00FA632E /* mqtt testTests.xctest */;
			productType = "com.apple.product-type.bundle.unit-test";
		};
		52584E4C2779A46B00FA632E /* mqtt testUITests */ = {
			isa = PBXNativeTarget;
			buildConfigurationList = 52584E5D2779A46B00FA632E /* Build configuration list for PBXNativeTarget "mqtt testUITests" */;
			buildPhases = (
				9586C52BFBDE6C42BE4C4FBA /* [CP] Check Pods Manifest.lock */,
				52584E492779A46B00FA632E /* Sources */,
				52584E4A2779A46B00FA632E /* Frameworks */,
				52584E4B2779A46B00FA632E /* Resources */,
				2BC8CA08DB8B28D5089EA7DF /* [CP] Embed Pods Frameworks */,
			);
			buildRules = (
			);
			dependencies = (
				52584E4F2779A46B00FA632E /* PBXTargetDependency */,
			);
			name = "mqtt testUITests";
			productName = "mqtt testUITests";
			productReference = 52584E4D2779A46B00FA632E /* mqtt testUITests.xctest */;
			productType = "com.apple.product-type.bundle.ui-testing";
		};
/* End PBXNativeTarget section */

/* Begin PBXProject section */
		52584E252779A46900FA632E /* Project object */ = {
			isa = PBXProject;
			attributes = {
				BuildIndependentTargetsInParallel = 1;
				LastSwiftUpdateCheck = 1300;
				LastUpgradeCheck = 1300;
				TargetAttributes = {
					52584E2C2779A46900FA632E = {
						CreatedOnToolsVersion = 13.0;
					};
					52584E422779A46B00FA632E = {
						CreatedOnToolsVersion = 13.0;
						TestTargetID = 52584E2C2779A46900FA632E;
					};
					52584E4C2779A46B00FA632E = {
						CreatedOnToolsVersion = 13.0;
						TestTargetID = 52584E2C2779A46900FA632E;
					};
				};
			};
			buildConfigurationList = 52584E282779A46900FA632E /* Build configuration list for PBXProject "mqtt test" */;
			compatibilityVersion = "Xcode 13.0";
			developmentRegion = en;
			hasScannedForEncodings = 0;
			knownRegions = (
				en,
				Base,
			);
			mainGroup = 52584E242779A46900FA632E;
			productRefGroup = 52584E2E2779A46900FA632E /* Products */;
			projectDirPath = "";
			projectRoot = "";
			targets = (
				52584E2C2779A46900FA632E /* mqtt test */,
				52584E422779A46B00FA632E /* mqtt testTests */,
				52584E4C2779A46B00FA632E /* mqtt testUITests */,
			);
		};
/* End PBXProject section */

/* Begin PBXResourcesBuildPhase section */
		52584E2B2779A46900FA632E /* Resources */ = {
			isa = PBXResourcesBuildPhase;
			buildActionMask = 2147483647;
			files = (
				52584E3D2779A46B00FA632E /* LaunchScreen.storyboard in Resources */,
				52584E3A2779A46B00FA632E /* Assets.xcassets in Resources */,
				52584E382779A46900FA632E /* Main.storyboard in Resources */,
			);
			runOnlyForDeploymentPostprocessing = 0;
		};
		52584E412779A46B00FA632E /* Resources */ = {
			isa = PBXResourcesBuildPhase;
			buildActionMask = 2147483647;
			files = (
			);
			runOnlyForDeploymentPostprocessing = 0;
		};
		52584E4B2779A46B00FA632E /* Resources */ = {
			isa = PBXResourcesBuildPhase;
			buildActionMask = 2147483647;
			files = (
			);
			runOnlyForDeploymentPostprocessing = 0;
		};
/* End PBXResourcesBuildPhase section */

/* Begin PBXShellScriptBuildPhase section */
		2BC8CA08DB8B28D5089EA7DF /* [CP] Embed Pods Frameworks */ = {
			isa = PBXShellScriptBuildPhase;
			buildActionMask = 2147483647;
			files = (
			);
			inputFileListPaths = (
				"${PODS_ROOT}/Target Support Files/Pods-mqtt test-mqtt testUITests/Pods-mqtt test-mqtt testUITests-frameworks-${CONFIGURATION}-input-files.xcfilelist",
			);
			name = "[CP] Embed Pods Frameworks";
			outputFileListPaths = (
				"${PODS_ROOT}/Target Support Files/Pods-mqtt test-mqtt testUITests/Pods-mqtt test-mqtt testUITests-frameworks-${CONFIGURATION}-output-files.xcfilelist",
			);
			runOnlyForDeploymentPostprocessing = 0;
			shellPath = /bin/sh;
			shellScript = "\"${PODS_ROOT}/Target Support Files/Pods-mqtt test-mqtt testUITests/Pods-mqtt test-mqtt testUITests-frameworks.sh\"\n";
			showEnvVarsInLog = 0;
		};
		8F38D9F27AEF7393020DEB58 /* [CP] Embed Pods Frameworks */ = {
			isa = PBXShellScriptBuildPhase;
			buildActionMask = 2147483647;
			files = (
			);
			inputFileListPaths = (
				"${PODS_ROOT}/Target Support Files/Pods-mqtt test/Pods-mqtt test-frameworks-${CONFIGURATION}-input-files.xcfilelist",
			);
			name = "[CP] Embed Pods Frameworks";
			outputFileListPaths = (
				"${PODS_ROOT}/Target Support Files/Pods-mqtt test/Pods-mqtt test-frameworks-${CONFIGURATION}-output-files.xcfilelist",
			);
			runOnlyForDeploymentPostprocessing = 0;
			shellPath = /bin/sh;
			shellScript = "\"${PODS_ROOT}/Target Support Files/Pods-mqtt test/Pods-mqtt test-frameworks.sh\"\n";
			showEnvVarsInLog = 0;
		};
		9586C52BFBDE6C42BE4C4FBA /* [CP] Check Pods Manifest.lock */ = {
			isa = PBXShellScriptBuildPhase;
			buildActionMask = 2147483647;
			files = (
			);
			inputFileListPaths = (
			);
			inputPaths = (
				"${PODS_PODFILE_DIR_PATH}/Podfile.lock",
				"${PODS_ROOT}/Manifest.lock",
			);
			name = "[CP] Check Pods Manifest.lock";
			outputFileListPaths = (
			);
			outputPaths = (
				"$(DERIVED_FILE_DIR)/Pods-mqtt test-mqtt testUITests-checkManifestLockResult.txt",
			);
			runOnlyForDeploymentPostprocessing = 0;
			shellPath = /bin/sh;
			shellScript = "diff \"${PODS_PODFILE_DIR_PATH}/Podfile.lock\" \"${PODS_ROOT}/Manifest.lock\" > /dev/null\nif [ $? != 0 ] ; then\n    # print error to STDERR\n    echo \"error: The sandbox is not in sync with the Podfile.lock. Run 'pod install' or update your CocoaPods installation.\" >&2\n    exit 1\nfi\n# This output is used by Xcode 'outputs' to avoid re-running this script phase.\necho \"SUCCESS\" > \"${SCRIPT_OUTPUT_FILE_0}\"\n";
			showEnvVarsInLog = 0;
		};
		ABE74B39F1F0106A9E77C147 /* [CP] Check Pods Manifest.lock */ = {
			isa = PBXShellScriptBuildPhase;
			buildActionMask = 2147483647;
			files = (
			);
			inputFileListPaths = (
			);
			inputPaths = (
				"${PODS_PODFILE_DIR_PATH}/Podfile.lock",
				"${PODS_ROOT}/Manifest.lock",
			);
			name = "[CP] Check Pods Manifest.lock";
			outputFileListPaths = (
			);
			outputPaths = (
				"$(DERIVED_FILE_DIR)/Pods-mqtt testTests-checkManifestLockResult.txt",
			);
			runOnlyForDeploymentPostprocessing = 0;
			shellPath = /bin/sh;
			shellScript = "diff \"${PODS_PODFILE_DIR_PATH}/Podfile.lock\" \"${PODS_ROOT}/Manifest.lock\" > /dev/null\nif [ $? != 0 ] ; then\n    # print error to STDERR\n    echo \"error: The sandbox is not in sync with the Podfile.lock. Run 'pod install' or update your CocoaPods installation.\" >&2\n    exit 1\nfi\n# This output is used by Xcode 'outputs' to avoid re-running this script phase.\necho \"SUCCESS\" > \"${SCRIPT_OUTPUT_FILE_0}\"\n";
			showEnvVarsInLog = 0;
		};
		FEA36C7CFA595FBA8BDACB66 /* [CP] Check Pods Manifest.lock */ = {
			isa = PBXShellScriptBuildPhase;
			buildActionMask = 2147483647;
			files = (
			);
			inputFileListPaths = (
			);
			inputPaths = (
				"${PODS_PODFILE_DIR_PATH}/Podfile.lock",
				"${PODS_ROOT}/Manifest.lock",
			);
			name = "[CP] Check Pods Manifest.lock";
			outputFileListPaths = (
			);
			outputPaths = (
				"$(DERIVED_FILE_DIR)/Pods-mqtt test-checkManifestLockResult.txt",
			);
			runOnlyForDeploymentPostprocessing = 0;
			shellPath = /bin/sh;
			shellScript = "diff \"${PODS_PODFILE_DIR_PATH}/Podfile.lock\" \"${PODS_ROOT}/Manifest.lock\" > /dev/null\nif [ $? != 0 ] ; then\n    # print error to STDERR\n    echo \"error: The sandbox is not in sync with the Podfile.lock. Run 'pod install' or update your CocoaPods installation.\" >&2\n    exit 1\nfi\n# This output is used by Xcode 'outputs' to avoid re-running this script phase.\necho \"SUCCESS\" > \"${SCRIPT_OUTPUT_FILE_0}\"\n";
			showEnvVarsInLog = 0;
		};
/* End PBXShellScriptBuildPhase section */

/* Begin PBXSourcesBuildPhase section */
		52584E292779A46900FA632E /* Sources */ = {
			isa = PBXSourcesBuildPhase;
			buildActionMask = 2147483647;
			files = (
				52584E352779A46900FA632E /* ViewController.swift in Sources */,
				52584E77277B26CA00FA632E /* SwiftyMQTTClient.swift in Sources */,
				52584E66277AF82F00FA632E /* Adapter.swift in Sources */,
				52584E75277B1CF600FA632E /* Client.swift in Sources */,
				52584E312779A46900FA632E /* AppDelegate.swift in Sources */,
				52584E73277B088B00FA632E /* SubscibeDelegate.swift in Sources */,
				52584E6A277AFA6700FA632E /* CocoaMQTTClient.swift in Sources */,
				52584E71277B087600FA632E /* PublishDelegate.swift in Sources */,
				52584E332779A46900FA632E /* SceneDelegate.swift in Sources */,
				52584E6F277B085C00FA632E /* DisconnectDelegate.swift in Sources */,
				52584E6D277B084700FA632E /* ConnectDelegate.swift in Sources */,
				52584E68277AF84300FA632E /* AdapterInterface.swift in Sources */,
				52584E62277AF7DC00FA632E /* MQTT.swift in Sources */,
			);
			runOnlyForDeploymentPostprocessing = 0;
		};
		52584E3F2779A46B00FA632E /* Sources */ = {
			isa = PBXSourcesBuildPhase;
			buildActionMask = 2147483647;
			files = (
				52584E482779A46B00FA632E /* mqtt_testTests.swift in Sources */,
			);
			runOnlyForDeploymentPostprocessing = 0;
		};
		52584E492779A46B00FA632E /* Sources */ = {
			isa = PBXSourcesBuildPhase;
			buildActionMask = 2147483647;
			files = (
				52584E542779A46B00FA632E /* mqtt_testUITestsLaunchTests.swift in Sources */,
				52584E522779A46B00FA632E /* mqtt_testUITests.swift in Sources */,
			);
			runOnlyForDeploymentPostprocessing = 0;
		};
/* End PBXSourcesBuildPhase section */

/* Begin PBXTargetDependency section */
		52584E452779A46B00FA632E /* PBXTargetDependency */ = {
			isa = PBXTargetDependency;
			target = 52584E2C2779A46900FA632E /* mqtt test */;
			targetProxy = 52584E442779A46B00FA632E /* PBXContainerItemProxy */;
		};
		52584E4F2779A46B00FA632E /* PBXTargetDependency */ = {
			isa = PBXTargetDependency;
			target = 52584E2C2779A46900FA632E /* mqtt test */;
			targetProxy = 52584E4E2779A46B00FA632E /* PBXContainerItemProxy */;
		};
/* End PBXTargetDependency section */

/* Begin PBXVariantGroup section */
		52584E362779A46900FA632E /* Main.storyboard */ = {
			isa = PBXVariantGroup;
			children = (
				52584E372779A46900FA632E /* Base */,
			);
			name = Main.storyboard;
			sourceTree = "<group>";
		};
		52584E3B2779A46B00FA632E /* LaunchScreen.storyboard */ = {
			isa = PBXVariantGroup;
			children = (
				52584E3C2779A46B00FA632E /* Base */,
			);
			name = LaunchScreen.storyboard;
			sourceTree = "<group>";
		};
/* End PBXVariantGroup section */

/* Begin XCBuildConfiguration section */
		52584E552779A46B00FA632E /* Debug */ = {
			isa = XCBuildConfiguration;
			buildSettings = {
				ALWAYS_SEARCH_USER_PATHS = NO;
				CLANG_ANALYZER_NONNULL = YES;
				CLANG_ANALYZER_NUMBER_OBJECT_CONVERSION = YES_AGGRESSIVE;
				CLANG_CXX_LANGUAGE_STANDARD = "gnu++17";
				CLANG_CXX_LIBRARY = "libc++";
				CLANG_ENABLE_MODULES = YES;
				CLANG_ENABLE_OBJC_ARC = YES;
				CLANG_ENABLE_OBJC_WEAK = YES;
				CLANG_WARN_BLOCK_CAPTURE_AUTORELEASING = YES;
				CLANG_WARN_BOOL_CONVERSION = YES;
				CLANG_WARN_COMMA = YES;
				CLANG_WARN_CONSTANT_CONVERSION = YES;
				CLANG_WARN_DEPRECATED_OBJC_IMPLEMENTATIONS = YES;
				CLANG_WARN_DIRECT_OBJC_ISA_USAGE = YES_ERROR;
				CLANG_WARN_DOCUMENTATION_COMMENTS = YES;
				CLANG_WARN_EMPTY_BODY = YES;
				CLANG_WARN_ENUM_CONVERSION = YES;
				CLANG_WARN_INFINITE_RECURSION = YES;
				CLANG_WARN_INT_CONVERSION = YES;
				CLANG_WARN_NON_LITERAL_NULL_CONVERSION = YES;
				CLANG_WARN_OBJC_IMPLICIT_RETAIN_SELF = YES;
				CLANG_WARN_OBJC_LITERAL_CONVERSION = YES;
				CLANG_WARN_OBJC_ROOT_CLASS = YES_ERROR;
				CLANG_WARN_QUOTED_INCLUDE_IN_FRAMEWORK_HEADER = YES;
				CLANG_WARN_RANGE_LOOP_ANALYSIS = YES;
				CLANG_WARN_STRICT_PROTOTYPES = YES;
				CLANG_WARN_SUSPICIOUS_MOVE = YES;
				CLANG_WARN_UNGUARDED_AVAILABILITY = YES_AGGRESSIVE;
				CLANG_WARN_UNREACHABLE_CODE = YES;
				CLANG_WARN__DUPLICATE_METHOD_MATCH = YES;
				COPY_PHASE_STRIP = NO;
				DEBUG_INFORMATION_FORMAT = dwarf;
				ENABLE_STRICT_OBJC_MSGSEND = YES;
				ENABLE_TESTABILITY = YES;
				GCC_C_LANGUAGE_STANDARD = gnu11;
				GCC_DYNAMIC_NO_PIC = NO;
				GCC_NO_COMMON_BLOCKS = YES;
				GCC_OPTIMIZATION_LEVEL = 0;
				GCC_PREPROCESSOR_DEFINITIONS = (
					"DEBUG=1",
					"$(inherited)",
				);
				GCC_WARN_64_TO_32_BIT_CONVERSION = YES;
				GCC_WARN_ABOUT_RETURN_TYPE = YES_ERROR;
				GCC_WARN_UNDECLARED_SELECTOR = YES;
				GCC_WARN_UNINITIALIZED_AUTOS = YES_AGGRESSIVE;
				GCC_WARN_UNUSED_FUNCTION = YES;
				GCC_WARN_UNUSED_VARIABLE = YES;
				IPHONEOS_DEPLOYMENT_TARGET = 15.0;
				MTL_ENABLE_DEBUG_INFO = INCLUDE_SOURCE;
				MTL_FAST_MATH = YES;
				ONLY_ACTIVE_ARCH = YES;
				SDKROOT = iphoneos;
				SWIFT_ACTIVE_COMPILATION_CONDITIONS = DEBUG;
				SWIFT_OPTIMIZATION_LEVEL = "-Onone";
			};
			name = Debug;
		};
		52584E562779A46B00FA632E /* Release */ = {
			isa = XCBuildConfiguration;
			buildSettings = {
				ALWAYS_SEARCH_USER_PATHS = NO;
				CLANG_ANALYZER_NONNULL = YES;
				CLANG_ANALYZER_NUMBER_OBJECT_CONVERSION = YES_AGGRESSIVE;
				CLANG_CXX_LANGUAGE_STANDARD = "gnu++17";
				CLANG_CXX_LIBRARY = "libc++";
				CLANG_ENABLE_MODULES = YES;
				CLANG_ENABLE_OBJC_ARC = YES;
				CLANG_ENABLE_OBJC_WEAK = YES;
				CLANG_WARN_BLOCK_CAPTURE_AUTORELEASING = YES;
				CLANG_WARN_BOOL_CONVERSION = YES;
				CLANG_WARN_COMMA = YES;
				CLANG_WARN_CONSTANT_CONVERSION = YES;
				CLANG_WARN_DEPRECATED_OBJC_IMPLEMENTATIONS = YES;
				CLANG_WARN_DIRECT_OBJC_ISA_USAGE = YES_ERROR;
				CLANG_WARN_DOCUMENTATION_COMMENTS = YES;
				CLANG_WARN_EMPTY_BODY = YES;
				CLANG_WARN_ENUM_CONVERSION = YES;
				CLANG_WARN_INFINITE_RECURSION = YES;
				CLANG_WARN_INT_CONVERSION = YES;
				CLANG_WARN_NON_LITERAL_NULL_CONVERSION = YES;
				CLANG_WARN_OBJC_IMPLICIT_RETAIN_SELF = YES;
				CLANG_WARN_OBJC_LITERAL_CONVERSION = YES;
				CLANG_WARN_OBJC_ROOT_CLASS = YES_ERROR;
				CLANG_WARN_QUOTED_INCLUDE_IN_FRAMEWORK_HEADER = YES;
				CLANG_WARN_RANGE_LOOP_ANALYSIS = YES;
				CLANG_WARN_STRICT_PROTOTYPES = YES;
				CLANG_WARN_SUSPICIOUS_MOVE = YES;
				CLANG_WARN_UNGUARDED_AVAILABILITY = YES_AGGRESSIVE;
				CLANG_WARN_UNREACHABLE_CODE = YES;
				CLANG_WARN__DUPLICATE_METHOD_MATCH = YES;
				COPY_PHASE_STRIP = NO;
				DEBUG_INFORMATION_FORMAT = "dwarf-with-dsym";
				ENABLE_NS_ASSERTIONS = NO;
				ENABLE_STRICT_OBJC_MSGSEND = YES;
				GCC_C_LANGUAGE_STANDARD = gnu11;
				GCC_NO_COMMON_BLOCKS = YES;
				GCC_WARN_64_TO_32_BIT_CONVERSION = YES;
				GCC_WARN_ABOUT_RETURN_TYPE = YES_ERROR;
				GCC_WARN_UNDECLARED_SELECTOR = YES;
				GCC_WARN_UNINITIALIZED_AUTOS = YES_AGGRESSIVE;
				GCC_WARN_UNUSED_FUNCTION = YES;
				GCC_WARN_UNUSED_VARIABLE = YES;
				IPHONEOS_DEPLOYMENT_TARGET = 15.0;
				MTL_ENABLE_DEBUG_INFO = NO;
				MTL_FAST_MATH = YES;
				SDKROOT = iphoneos;
				SWIFT_COMPILATION_MODE = wholemodule;
				SWIFT_OPTIMIZATION_LEVEL = "-O";
				VALIDATE_PRODUCT = YES;
			};
			name = Release;
		};
		52584E582779A46B00FA632E /* Debug */ = {
			isa = XCBuildConfiguration;
			baseConfigurationReference = C188A2D1BBF0148D9DCA8137 /* Pods-mqtt test.debug.xcconfig */;
			buildSettings = {
				ASSETCATALOG_COMPILER_APPICON_NAME = AppIcon;
				ASSETCATALOG_COMPILER_GLOBAL_ACCENT_COLOR_NAME = AccentColor;
				CODE_SIGN_STYLE = Automatic;
				CURRENT_PROJECT_VERSION = 1;
				GENERATE_INFOPLIST_FILE = YES;
				INFOPLIST_FILE = "mqtt test/Info.plist";
				INFOPLIST_KEY_UIApplicationSupportsIndirectInputEvents = YES;
				INFOPLIST_KEY_UILaunchStoryboardName = LaunchScreen;
				INFOPLIST_KEY_UIMainStoryboardFile = Main;
				INFOPLIST_KEY_UISupportedInterfaceOrientations_iPad = "UIInterfaceOrientationPortrait UIInterfaceOrientationPortraitUpsideDown UIInterfaceOrientationLandscapeLeft UIInterfaceOrientationLandscapeRight";
				INFOPLIST_KEY_UISupportedInterfaceOrientations_iPhone = "UIInterfaceOrientationPortrait UIInterfaceOrientationLandscapeLeft UIInterfaceOrientationLandscapeRight";
				LD_RUNPATH_SEARCH_PATHS = (
					"$(inherited)",
					"@executable_path/Frameworks",
				);
				MARKETING_VERSION = 1.0;
				PRODUCT_BUNDLE_IDENTIFIER = "com.priyan.mqtt-test";
				PRODUCT_NAME = "$(TARGET_NAME)";
				SWIFT_EMIT_LOC_STRINGS = YES;
				SWIFT_VERSION = 5.0;
				TARGETED_DEVICE_FAMILY = "1,2";
			};
			name = Debug;
		};
		52584E592779A46B00FA632E /* Release */ = {
			isa = XCBuildConfiguration;
			baseConfigurationReference = 81797525061F127ED8525B27 /* Pods-mqtt test.release.xcconfig */;
			buildSettings = {
				ASSETCATALOG_COMPILER_APPICON_NAME = AppIcon;
				ASSETCATALOG_COMPILER_GLOBAL_ACCENT_COLOR_NAME = AccentColor;
				CODE_SIGN_STYLE = Automatic;
				CURRENT_PROJECT_VERSION = 1;
				GENERATE_INFOPLIST_FILE = YES;
				INFOPLIST_FILE = "mqtt test/Info.plist";
				INFOPLIST_KEY_UIApplicationSupportsIndirectInputEvents = YES;
				INFOPLIST_KEY_UILaunchStoryboardName = LaunchScreen;
				INFOPLIST_KEY_UIMainStoryboardFile = Main;
				INFOPLIST_KEY_UISupportedInterfaceOrientations_iPad = "UIInterfaceOrientationPortrait UIInterfaceOrientationPortraitUpsideDown UIInterfaceOrientationLandscapeLeft UIInterfaceOrientationLandscapeRight";
				INFOPLIST_KEY_UISupportedInterfaceOrientations_iPhone = "UIInterfaceOrientationPortrait UIInterfaceOrientationLandscapeLeft UIInterfaceOrientationLandscapeRight";
				LD_RUNPATH_SEARCH_PATHS = (
					"$(inherited)",
					"@executable_path/Frameworks",
				);
				MARKETING_VERSION = 1.0;
				PRODUCT_BUNDLE_IDENTIFIER = "com.priyan.mqtt-test";
				PRODUCT_NAME = "$(TARGET_NAME)";
				SWIFT_EMIT_LOC_STRINGS = YES;
				SWIFT_VERSION = 5.0;
				TARGETED_DEVICE_FAMILY = "1,2";
			};
			name = Release;
		};
		52584E5B2779A46B00FA632E /* Debug */ = {
			isa = XCBuildConfiguration;
			baseConfigurationReference = D29DA58F5619A50310A8F0EE /* Pods-mqtt testTests.debug.xcconfig */;
			buildSettings = {
				ALWAYS_EMBED_SWIFT_STANDARD_LIBRARIES = YES;
				BUNDLE_LOADER = "$(TEST_HOST)";
				CODE_SIGN_STYLE = Automatic;
				CURRENT_PROJECT_VERSION = 1;
				GENERATE_INFOPLIST_FILE = YES;
				IPHONEOS_DEPLOYMENT_TARGET = 15.0;
				LD_RUNPATH_SEARCH_PATHS = (
					"$(inherited)",
					"@executable_path/Frameworks",
					"@loader_path/Frameworks",
				);
				MARKETING_VERSION = 1.0;
				PRODUCT_BUNDLE_IDENTIFIER = "com.priyan.mqtt-testTests";
				PRODUCT_NAME = "$(TARGET_NAME)";
				SWIFT_EMIT_LOC_STRINGS = NO;
				SWIFT_VERSION = 5.0;
				TARGETED_DEVICE_FAMILY = "1,2";
				TEST_HOST = "$(BUILT_PRODUCTS_DIR)/mqtt test.app/mqtt test";
			};
			name = Debug;
		};
		52584E5C2779A46B00FA632E /* Release */ = {
			isa = XCBuildConfiguration;
			baseConfigurationReference = A7AB082B7224B236F617E138 /* Pods-mqtt testTests.release.xcconfig */;
			buildSettings = {
				ALWAYS_EMBED_SWIFT_STANDARD_LIBRARIES = YES;
				BUNDLE_LOADER = "$(TEST_HOST)";
				CODE_SIGN_STYLE = Automatic;
				CURRENT_PROJECT_VERSION = 1;
				GENERATE_INFOPLIST_FILE = YES;
				IPHONEOS_DEPLOYMENT_TARGET = 15.0;
				LD_RUNPATH_SEARCH_PATHS = (
					"$(inherited)",
					"@executable_path/Frameworks",
					"@loader_path/Frameworks",
				);
				MARKETING_VERSION = 1.0;
				PRODUCT_BUNDLE_IDENTIFIER = "com.priyan.mqtt-testTests";
				PRODUCT_NAME = "$(TARGET_NAME)";
				SWIFT_EMIT_LOC_STRINGS = NO;
				SWIFT_VERSION = 5.0;
				TARGETED_DEVICE_FAMILY = "1,2";
				TEST_HOST = "$(BUILT_PRODUCTS_DIR)/mqtt test.app/mqtt test";
			};
			name = Release;
		};
		52584E5E2779A46B00FA632E /* Debug */ = {
			isa = XCBuildConfiguration;
			baseConfigurationReference = A665ADACA9EF11472A1EE7E0 /* Pods-mqtt test-mqtt testUITests.debug.xcconfig */;
			buildSettings = {
				ALWAYS_EMBED_SWIFT_STANDARD_LIBRARIES = YES;
				CODE_SIGN_STYLE = Automatic;
				CURRENT_PROJECT_VERSION = 1;
				GENERATE_INFOPLIST_FILE = YES;
				LD_RUNPATH_SEARCH_PATHS = (
					"$(inherited)",
					"@executable_path/Frameworks",
					"@loader_path/Frameworks",
				);
				MARKETING_VERSION = 1.0;
				PRODUCT_BUNDLE_IDENTIFIER = "com.priyan.mqtt-testUITests";
				PRODUCT_NAME = "$(TARGET_NAME)";
				SWIFT_EMIT_LOC_STRINGS = NO;
				SWIFT_VERSION = 5.0;
				TARGETED_DEVICE_FAMILY = "1,2";
				TEST_TARGET_NAME = "mqtt test";
			};
			name = Debug;
		};
		52584E5F2779A46B00FA632E /* Release */ = {
			isa = XCBuildConfiguration;
			baseConfigurationReference = 3C717BEE751203C40FA1D253 /* Pods-mqtt test-mqtt testUITests.release.xcconfig */;
			buildSettings = {
				ALWAYS_EMBED_SWIFT_STANDARD_LIBRARIES = YES;
				CODE_SIGN_STYLE = Automatic;
				CURRENT_PROJECT_VERSION = 1;
				GENERATE_INFOPLIST_FILE = YES;
				LD_RUNPATH_SEARCH_PATHS = (
					"$(inherited)",
					"@executable_path/Frameworks",
					"@loader_path/Frameworks",
				);
				MARKETING_VERSION = 1.0;
				PRODUCT_BUNDLE_IDENTIFIER = "com.priyan.mqtt-testUITests";
				PRODUCT_NAME = "$(TARGET_NAME)";
				SWIFT_EMIT_LOC_STRINGS = NO;
				SWIFT_VERSION = 5.0;
				TARGETED_DEVICE_FAMILY = "1,2";
				TEST_TARGET_NAME = "mqtt test";
			};
			name = Release;
		};
/* End XCBuildConfiguration section */

/* Begin XCConfigurationList section */
		52584E282779A46900FA632E /* Build configuration list for PBXProject "mqtt test" */ = {
			isa = XCConfigurationList;
			buildConfigurations = (
				52584E552779A46B00FA632E /* Debug */,
				52584E562779A46B00FA632E /* Release */,
			);
			defaultConfigurationIsVisible = 0;
			defaultConfigurationName = Release;
		};
		52584E572779A46B00FA632E /* Build configuration list for PBXNativeTarget "mqtt test" */ = {
			isa = XCConfigurationList;
			buildConfigurations = (
				52584E582779A46B00FA632E /* Debug */,
				52584E592779A46B00FA632E /* Release */,
			);
			defaultConfigurationIsVisible = 0;
			defaultConfigurationName = Release;
		};
		52584E5A2779A46B00FA632E /* Build configuration list for PBXNativeTarget "mqtt testTests" */ = {
			isa = XCConfigurationList;
			buildConfigurations = (
				52584E5B2779A46B00FA632E /* Debug */,
				52584E5C2779A46B00FA632E /* Release */,
			);
			defaultConfigurationIsVisible = 0;
			defaultConfigurationName = Release;
		};
		52584E5D2779A46B00FA632E /* Build configuration list for PBXNativeTarget "mqtt testUITests" */ = {
			isa = XCConfigurationList;
			buildConfigurations = (
				52584E5E2779A46B00FA632E /* Debug */,
				52584E5F2779A46B00FA632E /* Release */,
			);
			defaultConfigurationIsVisible = 0;
			defaultConfigurationName = Release;
		};
/* End XCConfigurationList section */
	};
	rootObject = 52584E252779A46900FA632E /* Project object */;
}
